
Microsoft Visual Studio Solution File, Format Version 12.00
# Visual Studio Version 16
VisualStudioVersion = 16.0.31321.278
MinimumVisualStudioVersion = 10.0.40219.1
Project("{FAE04EC0-301F-11D3-BF4B-00C04F79EFBC}") = "Restaurant.Domain", "resturant\Restaurant.Domain.csproj", "{B60D16BE-1965-4F8E-BAA6-BFAED957491E}"
EndProject
Project("{FAE04EC0-301F-11D3-BF4B-00C04F79EFBC}") = "Restaurant.Data", "Restaurant.Data\Restaurant.Data.csproj", "{BD062379-1794-48EC-B1DA-EEE58128C861}"
EndProject
Project("{FAE04EC0-301F-11D3-BF4B-00C04F79EFBC}") = "Restaurant.UI", "Restaurant.UI\Restaurant.UI.csproj", "{7EBCFF2B-6DF7-4517-AE00-CEC09556EE33}"
EndProject
Global
	GlobalSection(SolutionConfigurationPlatforms) = preSolution
		Debug|Any CPU = Debug|Any CPU
		Release|Any CPU = Release|Any CPU
	EndGlobalSection
	GlobalSection(ProjectConfigurationPlatforms) = postSolution
		{B60D16BE-1965-4F8E-BAA6-BFAED957491E}.Debug|Any CPU.ActiveCfg = Debug|Any CPU
		{B60D16BE-1965-4F8E-BAA6-BFAED957491E}.Debug|Any CPU.Build.0 = Debug|Any CPU
		{B60D16BE-1965-4F8E-BAA6-BFAED957491E}.Release|Any CPU.ActiveCfg = Release|Any CPU
		{B60D16BE-1965-4F8E-BAA6-BFAED957491E}.Release|Any CPU.Build.0 = Release|Any CPU
		{BD062379-1794-48EC-B1DA-EEE58128C861}.Debug|Any CPU.ActiveCfg = Debug|Any CPU
		{BD062379-1794-48EC-B1DA-EEE58128C861}.Debug|Any CPU.Build.0 = Debug|Any CPU
		{BD062379-1794-48EC-B1DA-EEE58128C861}.Release|Any CPU.ActiveCfg = Release|Any CPU
		{BD062379-1794-48EC-B1DA-EEE58128C861}.Release|Any CPU.Build.0 = Release|Any CPU
		{7EBCFF2B-6DF7-4517-AE00-CEC09556EE33}.Debug|Any CPU.ActiveCfg = Debug|Any CPU
		{7EBCFF2B-6DF7-4517-AE00-CEC09556EE33}.Debug|Any CPU.Build.0 = Debug|Any CPU
		{7EBCFF2B-6DF7-4517-AE00-CEC09556EE33}.Release|Any CPU.ActiveCfg = Release|Any CPU
		{7EBCFF2B-6DF7-4517-AE00-CEC09556EE33}.Release|Any CPU.Build.0 = Release|Any CPU
	EndGlobalSection
	GlobalSection(SolutionProperties) = preSolution
		HideSolutionNode = FALSE
	EndGlobalSection
	GlobalSection(ExtensibilityGlobals) = postSolution
		SolutionGuid = {2BFC7CE3-4B5F-4B9F-97F2-981B72ECAAB5}
	EndGlobalSection
EndGlobal
